{
  "name": "perry-zod-compile-probe",
  "lockfileVersion": 3,
  "requires": true,
  "packages": {
    "": {
      "name": "perry-zod-compile-probe",
      "dependencies": {
        "zod": "4.5.0-canary.20260820T155656"
      }
    },
    "node_modules/zod": {
      "version": "4.5.0-canary.20260820T155656",
      "resolved": "https://registry.npmjs.org/zod/-/zod-4.5.0-canary.20260820T155656.tgz",
      "integrity": "sha512-rZb3IWTKq3RpOggDaBtx4JgzSDZrYanBOEZF2g2ry8EhUwOOiRDGoC0Z2NkMLWmDBMd8acXa4V5uEG4cAYgAyQ==",
      "license": "MIT",
      "funding": {
        "url": "https://github.com/sponsors/colinhacks"
      }
    }
  }
}
