{
  "name": "perry-zod-compile-probe",
  "lockfileVersion": 3,
  "requires": true,
  "packages": {
    "": {
      "name": "perry-zod-compile-probe",
      "dependencies": {
        "zod": "git+https://github.com/proggeramlug/zod.git#ee27e77ad86238199cfa0c262cfa2c7dfc125e49"
      }
    },
    "node_modules/zod": {
      "version": "4.5.2",
      "resolved": "git+https://github.com/proggeramlug/zod.git#ee27e77ad86238199cfa0c262cfa2c7dfc125e49",
      "integrity": "sha512-JanZAPLNXhbqECBmRU+FBjnOy/d9DuaeWm8k/JaBck9Bo/Xt/1+BFGsryqgZl7wiYGNF+NorLn7j6HPPRK0qZA==",
      "license": "MIT",
      "funding": {
        "url": "https://github.com/sponsors/colinhacks"
      }
    }
  }
}
